// !$*UTF8*$!
{
	archiveVersion = 1;
	classes = {
	};
	objectVersion = 56;
	objects = {

/* Begin PBXBuildFile section */
		EC2AA57F29D892BA00134589 /* AppDelegate.swift in Sources */ = {isa = PBXBuildFile; fileRef = EC2AA57E29D892BA00134589 /* AppDelegate.swift */; };
		EC2AA58129D892BA00134589 /* SceneDelegate.swift in Sources */ = {isa = PBXBuildFile; fileRef = EC2AA58029D892BA00134589 /* SceneDelegate.swift */; };
		EC2AA58329D892BA00134589 /* ViewController.swift in Sources */ = {isa = PBXBuildFile; fileRef = EC2AA58229D892BA00134589 /* ViewController.swift */; };
		EC2AA58629D892BA00134589 /* Main.storyboard in Resources */ = {isa = PBXBuildFile; fileRef = EC2AA58429D892BA00134589 /* Main.storyboard */; };
		EC2AA58829D892BC00134589 /* Assets.xcassets in Resources */ = {isa = PBXBuildFile; fileRef = EC2AA58729D892BC00134589 /* Assets.xcassets */; };
		EC2AA58B29D892BC00134589 /* LaunchScreen.storyboard in Resources */ = {isa = PBXBuildFile; fileRef = EC2AA58929D892BC00134589 /* LaunchScreen.storyboard */; };
		EC2AA59629D892BC00134589 /* Magic_8_BallTests.swift in Sources */ = {isa = PBXBuildFile; fileRef = EC2AA59529D892BC00134589 /* Magic_8_BallTests.swift */; };
		EC2AA5A029D892BC00134589 /* Magic_8_BallUITests.swift in Sources */ = {isa = PBXBuildFile; fileRef = EC2AA59F29D892BC00134589 /* Magic_8_BallUITests.swift */; };
		EC2AA5A229D892BC00134589 /* Magic_8_BallUITestsLaunchTests.swift in Sources */ = {isa = PBXBuildFile; fileRef = EC2AA5A129D892BC00134589 /* Magic_8_BallUITestsLaunchTests.swift */; };
/* End PBXBuildFile section */

/* Begin PBXContainerItemProxy section */
		EC2AA59229D892BC00134589 /* PBXContainerItemProxy */ = {
			isa = PBXContainerItemProxy;
			containerPortal = EC2AA57329D892BA00134589 /* Project object */;
			proxyType = 1;
			remoteGlobalIDString = EC2AA57A29D892BA00134589;
			remoteInfo = "Magic 8 Ball";
		};
		EC2AA59C29D892BC00134589 /* PBXContainerItemProxy */ = {
			isa = PBXContainerItemProxy;
			containerPortal = EC2AA57329D892BA00134589 /* Project object */;
			proxyType = 1;
			remoteGlobalIDString = EC2AA57A29D892BA00134589;
			remoteInfo = "Magic 8 Ball";
		};
/* End PBXContainerItemProxy section */

/* Begin PBXFileReference section */
		EC2AA57B29D892BA00134589 /* Magic 8 Ball.app */ = {isa = PBXFileReference; explicitFileType = wrapper.application; includeInIndex = 0; path = "Magic 8 Ball.app"; sourceTree = BUILT_PRODUCTS_DIR; };
		EC2AA57E29D892BA00134589 /* AppDelegate.swift */ = {isa = PBXFileReference; lastKnownFileType = sourcecode.swift; path = AppDelegate.swift; sourceTree = "<group>"; };
		EC2AA58029D892BA00134589 /* SceneDelegate.swift */ = {isa = PBXFileReference; lastKnownFileType = sourcecode.swift; path = SceneDelegate.swift; sourceTree = "<group>"; };
		EC2AA58229D892BA00134589 /* ViewController.swift */ = {isa = PBXFileReference; lastKnownFileType = sourcecode.swift; path = ViewController.swift; sourceTree = "<group>"; };
		EC2AA58529D892BA00134589 /* Base */ = {isa = PBXFileReference; lastKnownFileType = file.storyboard; name = Base; path = Base.lproj/Main.storyboard; sourceTree = "<group>"; };
		EC2AA58729D892BC00134589 /* Assets.xcassets */ = {isa = PBXFileReference; lastKnownFileType = folder.assetcatalog; path = Assets.xcassets; sourceTree = "<group>"; };
		EC2AA58A29D892BC00134589 /* Base */ = {isa = PBXFileReference; lastKnownFileType = file.storyboard; name = Base; path = Base.lproj/LaunchScreen.storyboard; sourceTree = "<group>"; };
		EC2AA58C29D892BC00134589 /* Info.plist */ = {isa = PBXFileReference; lastKnownFileType = text.plist.xml; path = Info.plist; sourceTree = "<group>"; };
		EC2AA59129D892BC00134589 /* Magic 8 BallTests.xctest */ = {isa = PBXFileReference; explicitFileType = wrapper.cfbundle; includeInIndex = 0; path = "Magic 8 BallTests.xctest"; sourceTree = BUILT_PRODUCTS_DIR; };
		EC2AA59529D892BC00134589 /* Magic_8_BallTests.swift */ = {isa = PBXFileReference; lastKnownFileType = sourcecode.swift; path = Magic_8_BallTests.swift; sourceTree = "<group>"; };
		EC2AA59B29D892BC00134589 /* Magic 8 BallUITests.xctest */ = {isa = PBXFileReference; explicitFileType = wrapper.cfbundle; includeInIndex = 0; path = "Magic 8 BallUITests.xctest"; sourceTree = BUILT_PRODUCTS_DIR; };
		EC2AA59F29D892BC00134589 /* Magic_8_BallUITests.swift */ = {isa = PBXFileReference; lastKnownFileType = sourcecode.swift; path = Magic_8_BallUITests.swift; sourceTree = "<group>"; };
		EC2AA5A129D892BC00134589 /* Magic_8_BallUITestsLaunchTests.swift */ = {isa = PBXFileReference; lastKnownFileType = sourcecode.swift; path = Magic_8_BallUITestsLaunchTests.swift; sourceTree = "<group>"; };
/* End PBXFileReference section */

/* Begin PBXFrameworksBuildPhase section */
		EC2AA57829D892BA00134589 /* Frameworks */ = {
			isa = PBXFrameworksBuildPhase;
			buildActionMask = 2147483647;
			files = (
			);
			runOnlyForDeploymentPostprocessing = 0;
		};
		EC2AA58E29D892BC00134589 /* Frameworks */ = {
			isa = PBXFrameworksBuildPhase;
			buildActionMask = 2147483647;
			files = (
			);
			runOnlyForDeploymentPostprocessing = 0;
		};
		EC2AA59829D892BC00134589 /* Frameworks */ = {
			isa = PBXFrameworksBuildPhase;
			buildActionMask = 2147483647;
			files = (
			);
			runOnlyForDeploymentPostprocessing = 0;
		};
/* End PBXFrameworksBuildPhase section */

/* Begin PBXGroup section */
		EC2AA57229D892BA00134589 = {
			isa = PBXGroup;
			children = (
				EC2AA57D29D892BA00134589 /* Magic 8 Ball */,
				EC2AA59429D892BC00134589 /* Magic 8 BallTests */,
				EC2AA59E29D892BC00134589 /* Magic 8 BallUITests */,
				EC2AA57C29D892BA00134589 /* Products */,
			);
			sourceTree = "<group>";
		};
		EC2AA57C29D892BA00134589 /* Products */ = {
			isa = PBXGroup;
			children = (
				EC2AA57B29D892BA00134589 /* Magic 8 Ball.app */,
				EC2AA59129D892BC00134589 /* Magic 8 BallTests.xctest */,
				EC2AA59B29D892BC00134589 /* Magic 8 BallUITests.xctest */,
			);
			name = Products;
			sourceTree = "<group>";
		};
		EC2AA57D29D892BA00134589 /* Magic 8 Ball */ = {
			isa = PBXGroup;
			children = (
				EC2AA57E29D892BA00134589 /* AppDelegate.swift */,
				EC2AA58029D892BA00134589 /* SceneDelegate.swift */,
				EC2AA58229D892BA00134589 /* ViewController.swift */,
				EC2AA58429D892BA00134589 /* Main.storyboard */,
				EC2AA58729D892BC00134589 /* Assets.xcassets */,
				EC2AA58929D892BC00134589 /* LaunchScreen.storyboard */,
				EC2AA58C29D892BC00134589 /* Info.plist */,
			);
			path = "Magic 8 Ball";
			sourceTree = "<group>";
		};
		EC2AA59429D892BC00134589 /* Magic 8 BallTests */ = {
			isa = PBXGroup;
			children = (
				EC2AA59529D892BC00134589 /* Magic_8_BallTests.swift */,
			);
			path = "Magic 8 BallTests";
			sourceTree = "<group>";
		};
		EC2AA59E29D892BC00134589 /* Magic 8 BallUITests */ = {
			isa = PBXGroup;
			children = (
				EC2AA59F29D892BC00134589 /* Magic_8_BallUITests.swift */,
				EC2AA5A129D892BC00134589 /* Magic_8_BallUITestsLaunchTests.swift */,
			);
			path = "Magic 8 BallUITests";
			sourceTree = "<group>";
		};
/* End PBXGroup section */

/* Begin PBXNativeTarget section */
		EC2AA57A29D892BA00134589 /* Magic 8 Ball */ = {
			isa = PBXNativeTarget;
			buildConfigurationList = EC2AA5A529D892BC00134589 /* Build configuration list for PBXNativeTarget "Magic 8 Ball" */;
			buildPhases = (
				EC2AA57729D892BA00134589 /* Sources */,
				EC2AA57829D892BA00134589 /* Frameworks */,
				EC2AA57929D892BA00134589 /* Resources */,
			);
			buildRules = (
			);
			dependencies = (
			);
			name = "Magic 8 Ball";
			productName = "Magic 8 Ball";
			productReference = EC2AA57B29D892BA00134589 /* Magic 8 Ball.app */;
			productType = "com.apple.product-type.application";
		};
		EC2AA59029D892BC00134589 /* Magic 8 BallTests */ = {
			isa = PBXNativeTarget;
			buildConfigurationList = EC2AA5A829D892BC00134589 /* Build configuration list for PBXNativeTarget "Magic 8 BallTests" */;
			buildPhases = (
				EC2AA58D29D892BC00134589 /* Sources */,
				EC2AA58E29D892BC00134589 /* Frameworks */,
				EC2AA58F29D892BC00134589 /* Resources */,
			);
			buildRules = (
			);
			dependencies = (
				EC2AA59329D892BC00134589 /* PBXTargetDependency */,
			);
			name = "Magic 8 BallTests";
			productName = "Magic 8 BallTests";
			productReference = EC2AA59129D892BC00134589 /* Magic 8 BallTests.xctest */;
			productType = "com.apple.product-type.bundle.unit-test";
		};
		EC2AA59A29D892BC00134589 /* Magic 8 BallUITests */ = {
			isa = PBXNativeTarget;
			buildConfigurationList = EC2AA5AB29D892BC00134589 /* Build configuration list for PBXNativeTarget "Magic 8 BallUITests" */;
			buildPhases = (
				EC2AA59729D892BC00134589 /* Sources */,
				EC2AA59829D892BC00134589 /* Frameworks */,
				EC2AA59929D892BC00134589 /* Resources */,
			);
			buildRules = (
			);
			dependencies = (
				EC2AA59D29D892BC00134589 /* PBXTargetDependency */,
			);
			name = "Magic 8 BallUITests";
			productName = "Magic 8 BallUITests";
			productReference = EC2AA59B29D892BC00134589 /* Magic 8 BallUITests.xctest */;
			productType = "com.apple.product-type.bundle.ui-testing";
		};
/* End PBXNativeTarget section */

/* Begin PBXProject section */
		EC2AA57329D892BA00134589 /* Project object */ = {
			isa = PBXProject;
			attributes = {
				BuildIndependentTargetsInParallel = 1;
				LastSwiftUpdateCheck = 1430;
				LastUpgradeCheck = 1430;
				TargetAttributes = {
					EC2AA57A29D892BA00134589 = {
						CreatedOnToolsVersion = 14.3;
					};
					EC2AA59029D892BC00134589 = {
						CreatedOnToolsVersion = 14.3;
						TestTargetID = EC2AA57A29D892BA00134589;
					};
					EC2AA59A29D892BC00134589 = {
						CreatedOnToolsVersion = 14.3;
						TestTargetID = EC2AA57A29D892BA00134589;
					};
				};
			};
			buildConfigurationList = EC2AA57629D892BA00134589 /* Build configuration list for PBXProject "Magic 8 Ball" */;
			compatibilityVersion = "Xcode 14.0";
			developmentRegion = en;
			hasScannedForEncodings = 0;
			knownRegions = (
				en,
				Base,
			);
			mainGroup = EC2AA57229D892BA00134589;
			productRefGroup = EC2AA57C29D892BA00134589 /* Products */;
			projectDirPath = "";
			projectRoot = "";
			targets = (
				EC2AA57A29D892BA00134589 /* Magic 8 Ball */,
				EC2AA59029D892BC00134589 /* Magic 8 BallTests */,
				EC2AA59A29D892BC00134589 /* Magic 8 BallUITests */,
			);
		};
/* End PBXProject section */

/* Begin PBXResourcesBuildPhase section */
		EC2AA57929D892BA00134589 /* Resources */ = {
			isa = PBXResourcesBuildPhase;
			buildActionMask = 2147483647;
			files = (
				EC2AA58B29D892BC00134589 /* LaunchScreen.storyboard in Resources */,
				EC2AA58829D892BC00134589 /* Assets.xcassets in Resources */,
				EC2AA58629D892BA00134589 /* Main.storyboard in Resources */,
			);
			runOnlyForDeploymentPostprocessing = 0;
		};
		EC2AA58F29D892BC00134589 /* Resources */ = {
			isa = PBXResourcesBuildPhase;
			buildActionMask = 2147483647;
			files = (
			);
			runOnlyForDeploymentPostprocessing = 0;
		};
		EC2AA59929D892BC00134589 /* Resources */ = {
			isa = PBXResourcesBuildPhase;
			buildActionMask = 2147483647;
			files = (
			);
			runOnlyForDeploymentPostprocessing = 0;
		};
/* End PBXResourcesBuildPhase section */

/* Begin PBXSourcesBuildPhase section */
		EC2AA57729D892BA00134589 /* Sources */ = {
			isa = PBXSourcesBuildPhase;
			buildActionMask = 2147483647;
			files = (
				EC2AA58329D892BA00134589 /* ViewController.swift in Sources */,
				EC2AA57F29D892BA00134589 /* AppDelegate.swift in Sources */,
				EC2AA58129D892BA00134589 /* SceneDelegate.swift in Sources */,
			);
			runOnlyForDeploymentPostprocessing = 0;
		};
		EC2AA58D29D892BC00134589 /* Sources */ = {
			isa = PBXSourcesBuildPhase;
			buildActionMask = 2147483647;
			files = (
				EC2AA59629D892BC00134589 /* Magic_8_BallTests.swift in Sources */,
			);
			runOnlyForDeploymentPostprocessing = 0;
		};
		EC2AA59729D892BC00134589 /* Sources */ = {
			isa = PBXSourcesBuildPhase;
			buildActionMask = 2147483647;
			files = (
				EC2AA5A229D892BC00134589 /* Magic_8_BallUITestsLaunchTests.swift in Sources */,
				EC2AA5A029D892BC00134589 /* Magic_8_BallUITests.swift in Sources */,
			);
			runOnlyForDeploymentPostprocessing = 0;
		};
/* End PBXSourcesBuildPhase section */

/* Begin PBXTargetDependency section */
		EC2AA59329D892BC00134589 /* PBXTargetDependency */ = {
			isa = PBXTargetDependency;
			target = EC2AA57A29D892BA00134589 /* Magic 8 Ball */;
			targetProxy = EC2AA59229D892BC00134589 /* PBXContainerItemProxy */;
		};
		EC2AA59D29D892BC00134589 /* PBXTargetDependency */ = {
			isa = PBXTargetDependency;
			target = EC2AA57A29D892BA00134589 /* Magic 8 Ball */;
			targetProxy = EC2AA59C29D892BC00134589 /* PBXContainerItemProxy */;
		};
/* End PBXTargetDependency section */

/* Begin PBXVariantGroup section */
		EC2AA58429D892BA00134589 /* Main.storyboard */ = {
			isa = PBXVariantGroup;
			children = (
				EC2AA58529D892BA00134589 /* Base */,
			);
			name = Main.storyboard;
			sourceTree = "<group>";
		};
		EC2AA58929D892BC00134589 /* LaunchScreen.storyboard */ = {
			isa = PBXVariantGroup;
			children = (
				EC2AA58A29D892BC00134589 /* Base */,
			);
			name = LaunchScreen.storyboard;
			sourceTree = "<group>";
		};
/* End PBXVariantGroup section */

/* Begin XCBuildConfiguration section */
		EC2AA5A329D892BC00134589 /* Debug */ = {
			isa = XCBuildConfiguration;
			buildSettings = {
				ALWAYS_SEARCH_USER_PATHS = NO;
				CLANG_ANALYZER_NONNULL = YES;
				CLANG_ANALYZER_NUMBER_OBJECT_CONVERSION = YES_AGGRESSIVE;
				CLANG_CXX_LANGUAGE_STANDARD = "gnu++20";
				CLANG_ENABLE_MODULES = YES;
				CLANG_ENABLE_OBJC_ARC = YES;
				CLANG_ENABLE_OBJC_WEAK = YES;
				CLANG_WARN_BLOCK_CAPTURE_AUTORELEASING = YES;
				CLANG_WARN_BOOL_CONVERSION = YES;
				CLANG_WARN_COMMA = YES;
				CLANG_WARN_CONSTANT_CONVERSION = YES;
				CLANG_WARN_DEPRECATED_OBJC_IMPLEMENTATIONS = YES;
				CLANG_WARN_DIRECT_OBJC_ISA_USAGE = YES_ERROR;
				CLANG_WARN_DOCUMENTATION_COMMENTS = YES;
				CLANG_WARN_EMPTY_BODY = YES;
				CLANG_WARN_ENUM_CONVERSION = YES;
				CLANG_WARN_INFINITE_RECURSION = YES;
				CLANG_WARN_INT_CONVERSION = YES;
				CLANG_WARN_NON_LITERAL_NULL_CONVERSION = YES;
				CLANG_WARN_OBJC_IMPLICIT_RETAIN_SELF = YES;
				CLANG_WARN_OBJC_LITERAL_CONVERSION = YES;
				CLANG_WARN_OBJC_ROOT_CLASS = YES_ERROR;
				CLANG_WARN_QUOTED_INCLUDE_IN_FRAMEWORK_HEADER = YES;
				CLANG_WARN_RANGE_LOOP_ANALYSIS = YES;
				CLANG_WARN_STRICT_PROTOTYPES = YES;
				CLANG_WARN_SUSPICIOUS_MOVE = YES;
				CLANG_WARN_UNGUARDED_AVAILABILITY = YES_AGGRESSIVE;
				CLANG_WARN_UNREACHABLE_CODE = YES;
				CLANG_WARN__DUPLICATE_METHOD_MATCH = YES;
				COPY_PHASE_STRIP = NO;
				DEBUG_INFORMATION_FORMAT = dwarf;
				ENABLE_STRICT_OBJC_MSGSEND = YES;
				ENABLE_TESTABILITY = YES;
				GCC_C_LANGUAGE_STANDARD = gnu11;
				GCC_DYNAMIC_NO_PIC = NO;
				GCC_NO_COMMON_BLOCKS = YES;
				GCC_OPTIMIZATION_LEVEL = 0;
				GCC_PREPROCESSOR_DEFINITIONS = (
					"DEBUG=1",
					"$(inherited)",
				);
				GCC_WARN_64_TO_32_BIT_CONVERSION = YES;
				GCC_WARN_ABOUT_RETURN_TYPE = YES_ERROR;
				GCC_WARN_UNDECLARED_SELECTOR = YES;
				GCC_WARN_UNINITIALIZED_AUTOS = YES_AGGRESSIVE;
				GCC_WARN_UNUSED_FUNCTION = YES;
				GCC_WARN_UNUSED_VARIABLE = YES;
				IPHONEOS_DEPLOYMENT_TARGET = 16.4;
				MTL_ENABLE_DEBUG_INFO = INCLUDE_SOURCE;
				MTL_FAST_MATH = YES;
				ONLY_ACTIVE_ARCH = YES;
				SDKROOT = iphoneos;
				SWIFT_ACTIVE_COMPILATION_CONDITIONS = DEBUG;
				SWIFT_OPTIMIZATION_LEVEL = "-Onone";
			};
			name = Debug;
		};
		EC2AA5A429D892BC00134589 /* Release */ = {
			isa = XCBuildConfiguration;
			buildSettings = {
				ALWAYS_SEARCH_USER_PATHS = NO;
				CLANG_ANALYZER_NONNULL = YES;
				CLANG_ANALYZER_NUMBER_OBJECT_CONVERSION = YES_AGGRESSIVE;
				CLANG_CXX_LANGUAGE_STANDARD = "gnu++20";
				CLANG_ENABLE_MODULES = YES;
				CLANG_ENABLE_OBJC_ARC = YES;
				CLANG_ENABLE_OBJC_WEAK = YES;
				CLANG_WARN_BLOCK_CAPTURE_AUTORELEASING = YES;
				CLANG_WARN_BOOL_CONVERSION = YES;
				CLANG_WARN_COMMA = YES;
				CLANG_WARN_CONSTANT_CONVERSION = YES;
				CLANG_WARN_DEPRECATED_OBJC_IMPLEMENTATIONS = YES;
				CLANG_WARN_DIRECT_OBJC_ISA_USAGE = YES_ERROR;
				CLANG_WARN_DOCUMENTATION_COMMENTS = YES;
				CLANG_WARN_EMPTY_BODY = YES;
				CLANG_WARN_ENUM_CONVERSION = YES;
				CLANG_WARN_INFINITE_RECURSION = YES;
				CLANG_WARN_INT_CONVERSION = YES;
				CLANG_WARN_NON_LITERAL_NULL_CONVERSION = YES;
				CLANG_WARN_OBJC_IMPLICIT_RETAIN_SELF = YES;
				CLANG_WARN_OBJC_LITERAL_CONVERSION = YES;
				CLANG_WARN_OBJC_ROOT_CLASS = YES_ERROR;
				CLANG_WARN_QUOTED_INCLUDE_IN_FRAMEWORK_HEADER = YES;
				CLANG_WARN_RANGE_LOOP_ANALYSIS = YES;
				CLANG_WARN_STRICT_PROTOTYPES = YES;
				CLANG_WARN_SUSPICIOUS_MOVE = YES;
				CLANG_WARN_UNGUARDED_AVAILABILITY = YES_AGGRESSIVE;
				CLANG_WARN_UNREACHABLE_CODE = YES;
				CLANG_WARN__DUPLICATE_METHOD_MATCH = YES;
				COPY_PHASE_STRIP = NO;
				DEBUG_INFORMATION_FORMAT = "dwarf-with-dsym";
				ENABLE_NS_ASSERTIONS = NO;
				ENABLE_STRICT_OBJC_MSGSEND = YES;
				GCC_C_LANGUAGE_STANDARD = gnu11;
				GCC_NO_COMMON_BLOCKS = YES;
				GCC_WARN_64_TO_32_BIT_CONVERSION = YES;
				GCC_WARN_ABOUT_RETURN_TYPE = YES_ERROR;
				GCC_WARN_UNDECLARED_SELECTOR = YES;
				GCC_WARN_UNINITIALIZED_AUTOS = YES_AGGRESSIVE;
				GCC_WARN_UNUSED_FUNCTION = YES;
				GCC_WARN_UNUSED_VARIABLE = YES;
				IPHONEOS_DEPLOYMENT_TARGET = 16.4;
				MTL_ENABLE_DEBUG_INFO = NO;
				MTL_FAST_MATH = YES;
				SDKROOT = iphoneos;
				SWIFT_COMPILATION_MODE = wholemodule;
				SWIFT_OPTIMIZATION_LEVEL = "-O";
				VALIDATE_PRODUCT = YES;
			};
			name = Release;
		};
		EC2AA5A629D892BC00134589 /* Debug */ = {
			isa = XCBuildConfiguration;
			buildSettings = {
				ASSETCATALOG_COMPILER_APPICON_NAME = AppIcon;
				ASSETCATALOG_COMPILER_GLOBAL_ACCENT_COLOR_NAME = AccentColor;
				CODE_SIGN_STYLE = Automatic;
				CURRENT_PROJECT_VERSION = 1;
				DEVELOPMENT_TEAM = 374DGY6WA4;
				GENERATE_INFOPLIST_FILE = YES;
				INFOPLIST_FILE = "Magic 8 Ball/Info.plist";
				INFOPLIST_KEY_UIApplicationSupportsIndirectInputEvents = YES;
				INFOPLIST_KEY_UILaunchStoryboardName = LaunchScreen;
				INFOPLIST_KEY_UIMainStoryboardFile = Main;
				INFOPLIST_KEY_UISupportedInterfaceOrientations_iPad = "UIInterfaceOrientationPortrait UIInterfaceOrientationPortraitUpsideDown UIInterfaceOrientationLandscapeLeft UIInterfaceOrientationLandscapeRight";
				INFOPLIST_KEY_UISupportedInterfaceOrientations_iPhone = "UIInterfaceOrientationPortrait UIInterfaceOrientationLandscapeLeft UIInterfaceOrientationLandscapeRight";
				LD_RUNPATH_SEARCH_PATHS = (
					"$(inherited)",
					"@executable_path/Frameworks",
				);
				MARKETING_VERSION = 1.0;
				PRODUCT_BUNDLE_IDENTIFIER = "edwarddev.Magic-8-Ball";
				PRODUCT_NAME = "$(TARGET_NAME)";
				SWIFT_EMIT_LOC_STRINGS = YES;
				SWIFT_VERSION = 5.0;
				TARGETED_DEVICE_FAMILY = "1,2";
			};
			name = Debug;
		};
		EC2AA5A729D892BC00134589 /* Release */ = {
			isa = XCBuildConfiguration;
			buildSettings = {
				ASSETCATALOG_COMPILER_APPICON_NAME = AppIcon;
				ASSETCATALOG_COMPILER_GLOBAL_ACCENT_COLOR_NAME = AccentColor;
				CODE_SIGN_STYLE = Automatic;
				CURRENT_PROJECT_VERSION = 1;
				DEVELOPMENT_TEAM = 374DGY6WA4;
				GENERATE_INFOPLIST_FILE = YES;
				INFOPLIST_FILE = "Magic 8 Ball/Info.plist";
				INFOPLIST_KEY_UIApplicationSupportsIndirectInputEvents = YES;
				INFOPLIST_KEY_UILaunchStoryboardName = LaunchScreen;
				INFOPLIST_KEY_UIMainStoryboardFile = Main;
				INFOPLIST_KEY_UISupportedInterfaceOrientations_iPad = "UIInterfaceOrientationPortrait UIInterfaceOrientationPortraitUpsideDown UIInterfaceOrientationLandscapeLeft UIInterfaceOrientationLandscapeRight";
				INFOPLIST_KEY_UISupportedInterfaceOrientations_iPhone = "UIInterfaceOrientationPortrait UIInterfaceOrientationLandscapeLeft UIInterfaceOrientationLandscapeRight";
				LD_RUNPATH_SEARCH_PATHS = (
					"$(inherited)",
					"@executable_path/Frameworks",
				);
				MARKETING_VERSION = 1.0;
				PRODUCT_BUNDLE_IDENTIFIER = "edwarddev.Magic-8-Ball";
				PRODUCT_NAME = "$(TARGET_NAME)";
				SWIFT_EMIT_LOC_STRINGS = YES;
				SWIFT_VERSION = 5.0;
				TARGETED_DEVICE_FAMILY = "1,2";
			};
			name = Release;
		};
		EC2AA5A929D892BC00134589 /* Debug */ = {
			isa = XCBuildConfiguration;
			buildSettings = {
				ALWAYS_EMBED_SWIFT_STANDARD_LIBRARIES = YES;
				BUNDLE_LOADER = "$(TEST_HOST)";
				CODE_SIGN_STYLE = Automatic;
				CURRENT_PROJECT_VERSION = 1;
				DEVELOPMENT_TEAM = 374DGY6WA4;
				GENERATE_INFOPLIST_FILE = YES;
				IPHONEOS_DEPLOYMENT_TARGET = 16.4;
				MARKETING_VERSION = 1.0;
				PRODUCT_BUNDLE_IDENTIFIER = "edwarddev.Magic-8-BallTests";
				PRODUCT_NAME = "$(TARGET_NAME)";
				SWIFT_EMIT_LOC_STRINGS = NO;
				SWIFT_VERSION = 5.0;
				TARGETED_DEVICE_FAMILY = "1,2";
				TEST_HOST = "$(BUILT_PRODUCTS_DIR)/Magic 8 Ball.app/$(BUNDLE_EXECUTABLE_FOLDER_PATH)/Magic 8 Ball";
			};
			name = Debug;
		};
		EC2AA5AA29D892BC00134589 /* Release */ = {
			isa = XCBuildConfiguration;
			buildSettings = {
				ALWAYS_EMBED_SWIFT_STANDARD_LIBRARIES = YES;
				BUNDLE_LOADER = "$(TEST_HOST)";
				CODE_SIGN_STYLE = Automatic;
				CURRENT_PROJECT_VERSION = 1;
				DEVELOPMENT_TEAM = 374DGY6WA4;
				GENERATE_INFOPLIST_FILE = YES;
				IPHONEOS_DEPLOYMENT_TARGET = 16.4;
				MARKETING_VERSION = 1.0;
				PRODUCT_BUNDLE_IDENTIFIER = "edwarddev.Magic-8-BallTests";
				PRODUCT_NAME = "$(TARGET_NAME)";
				SWIFT_EMIT_LOC_STRINGS = NO;
				SWIFT_VERSION = 5.0;
				TARGETED_DEVICE_FAMILY = "1,2";
				TEST_HOST = "$(BUILT_PRODUCTS_DIR)/Magic 8 Ball.app/$(BUNDLE_EXECUTABLE_FOLDER_PATH)/Magic 8 Ball";
			};
			name = Release;
		};
		EC2AA5AC29D892BC00134589 /* Debug */ = {
			isa = XCBuildConfiguration;
			buildSettings = {
				ALWAYS_EMBED_SWIFT_STANDARD_LIBRARIES = YES;
				CODE_SIGN_STYLE = Automatic;
				CURRENT_PROJECT_VERSION = 1;
				DEVELOPMENT_TEAM = 374DGY6WA4;
				GENERATE_INFOPLIST_FILE = YES;
				MARKETING_VERSION = 1.0;
				PRODUCT_BUNDLE_IDENTIFIER = "edwarddev.Magic-8-BallUITests";
				PRODUCT_NAME = "$(TARGET_NAME)";
				SWIFT_EMIT_LOC_STRINGS = NO;
				SWIFT_VERSION = 5.0;
				TARGETED_DEVICE_FAMILY = "1,2";
				TEST_TARGET_NAME = "Magic 8 Ball";
			};
			name = Debug;
		};
		EC2AA5AD29D892BC00134589 /* Release */ = {
			isa = XCBuildConfiguration;
			buildSettings = {
				ALWAYS_EMBED_SWIFT_STANDARD_LIBRARIES = YES;
				CODE_SIGN_STYLE = Automatic;
				CURRENT_PROJECT_VERSION = 1;
				DEVELOPMENT_TEAM = 374DGY6WA4;
				GENERATE_INFOPLIST_FILE = YES;
				MARKETING_VERSION = 1.0;
				PRODUCT_BUNDLE_IDENTIFIER = "edwarddev.Magic-8-BallUITests";
				PRODUCT_NAME = "$(TARGET_NAME)";
				SWIFT_EMIT_LOC_STRINGS = NO;
				SWIFT_VERSION = 5.0;
				TARGETED_DEVICE_FAMILY = "1,2";
				TEST_TARGET_NAME = "Magic 8 Ball";
			};
			name = Release;
		};
/* End XCBuildConfiguration section */

/* Begin XCConfigurationList section */
		EC2AA57629D892BA00134589 /* Build configuration list for PBXProject "Magic 8 Ball" */ = {
			isa = XCConfigurationList;
			buildConfigurations = (
				EC2AA5A329D892BC00134589 /* Debug */,
				EC2AA5A429D892BC00134589 /* Release */,
			);
			defaultConfigurationIsVisible = 0;
			defaultConfigurationName = Release;
		};
		EC2AA5A529D892BC00134589 /* Build configuration list for PBXNativeTarget "Magic 8 Ball" */ = {
			isa = XCConfigurationList;
			buildConfigurations = (
				EC2AA5A629D892BC00134589 /* Debug */,
				EC2AA5A729D892BC00134589 /* Release */,
			);
			defaultConfigurationIsVisible = 0;
			defaultConfigurationName = Release;
		};
		EC2AA5A829D892BC00134589 /* Build configuration list for PBXNativeTarget "Magic 8 BallTests" */ = {
			isa = XCConfigurationList;
			buildConfigurations = (
				EC2AA5A929D892BC00134589 /* Debug */,
				EC2AA5AA29D892BC00134589 /* Release */,
			);
			defaultConfigurationIsVisible = 0;
			defaultConfigurationName = Release;
		};
		EC2AA5AB29D892BC00134589 /* Build configuration list for PBXNativeTarget "Magic 8 BallUITests" */ = {
			isa = XCConfigurationList;
			buildConfigurations = (
				EC2AA5AC29D892BC00134589 /* Debug */,
				EC2AA5AD29D892BC00134589 /* Release */,
			);
			defaultConfigurationIsVisible = 0;
			defaultConfigurationName = Release;
		};
/* End XCConfigurationList section */
	};
	rootObject = EC2AA57329D892BA00134589 /* Project object */;
}
